
Microsoft Visual Studio Solution File, Format Version 12.00
# Visual Studio Version 17
VisualStudioVersion = 17.8.34309.116
MinimumVisualStudioVersion = 10.0.40219.1
Project("{9A19103F-16F7-4668-BE54-9A1E7A4F7556}") = "BookReadingService", "BookReadingService\BookReadingService.csproj", "{6E026BFF-94D1-48A0-915A-A9E986D8C763}"
EndProject
Project("{9A19103F-16F7-4668-BE54-9A1E7A4F7556}") = "AuthService", "AuthService\AuthService.csproj", "{ED9EC2F9-F2DA-4A0E-BA8F-AB96B5C02339}"
EndProject
Project("{FAE04EC0-301F-11D3-BF4B-00C04F79EFBC}") = "APIGateway", "APIGateway\APIGateway.csproj", "{DCDBE1E7-764A-4114-8EFC-652DDB182621}"
EndProject
Global
	GlobalSection(SolutionConfigurationPlatforms) = preSolution
		Debug|Any CPU = Debug|Any CPU
		Release|Any CPU = Release|Any CPU
	EndGlobalSection
	GlobalSection(ProjectConfigurationPlatforms) = postSolution
		{6E026BFF-94D1-48A0-915A-A9E986D8C763}.Debug|Any CPU.ActiveCfg = Debug|Any CPU
		{6E026BFF-94D1-48A0-915A-A9E986D8C763}.Debug|Any CPU.Build.0 = Debug|Any CPU
		{6E026BFF-94D1-48A0-915A-A9E986D8C763}.Release|Any CPU.ActiveCfg = Release|Any CPU
		{6E026BFF-94D1-48A0-915A-A9E986D8C763}.Release|Any CPU.Build.0 = Release|Any CPU
		{ED9EC2F9-F2DA-4A0E-BA8F-AB96B5C02339}.Debug|Any CPU.ActiveCfg = Debug|Any CPU
		{ED9EC2F9-F2DA-4A0E-BA8F-AB96B5C02339}.Debug|Any CPU.Build.0 = Debug|Any CPU
		{ED9EC2F9-F2DA-4A0E-BA8F-AB96B5C02339}.Release|Any CPU.ActiveCfg = Release|Any CPU
		{ED9EC2F9-F2DA-4A0E-BA8F-AB96B5C02339}.Release|Any CPU.Build.0 = Release|Any CPU
		{DCDBE1E7-764A-4114-8EFC-652DDB182621}.Debug|Any CPU.ActiveCfg = Debug|Any CPU
		{DCDBE1E7-764A-4114-8EFC-652DDB182621}.Debug|Any CPU.Build.0 = Debug|Any CPU
		{DCDBE1E7-764A-4114-8EFC-652DDB182621}.Release|Any CPU.ActiveCfg = Release|Any CPU
		{DCDBE1E7-764A-4114-8EFC-652DDB182621}.Release|Any CPU.Build.0 = Release|Any CPU
	EndGlobalSection
	GlobalSection(SolutionProperties) = preSolution
		HideSolutionNode = FALSE
	EndGlobalSection
	GlobalSection(ExtensibilityGlobals) = postSolution
		SolutionGuid = {873B231A-8A03-4EDE-988F-56885F61A601}
	EndGlobalSection
EndGlobal
